
Microsoft Visual Studio Solution File, Format Version 12.00
# Visual Studio Version 17
VisualStudioVersion = 17.6.33829.357
MinimumVisualStudioVersion = 10.0.40219.1
Project("{FAE04EC0-301F-11D3-BF4B-00C04F79EFBC}") = "IntNode", "IntNode\IntNode.csproj", "{1381312B-6766-4AB6-BF78-F6765AEA4AC1}"
EndProject
Global
	GlobalSection(SolutionConfigurationPlatforms) = preSolution
		Debug|Any CPU = Debug|Any CPU
		Release|Any CPU = Release|Any CPU
	EndGlobalSection
	GlobalSection(ProjectConfigurationPlatforms) = postSolution
		{1381312B-6766-4AB6-BF78-F6765AEA4AC1}.Debug|Any CPU.ActiveCfg = Debug|Any CPU
		{1381312B-6766-4AB6-BF78-F6765AEA4AC1}.Debug|Any CPU.Build.0 = Debug|Any CPU
		{1381312B-6766-4AB6-BF78-F6765AEA4AC1}.Release|Any CPU.ActiveCfg = Release|Any CPU
		{1381312B-6766-4AB6-BF78-F6765AEA4AC1}.Release|Any CPU.Build.0 = Release|Any CPU
	EndGlobalSection
	GlobalSection(SolutionProperties) = preSolution
		HideSolutionNode = FALSE
	EndGlobalSection
	GlobalSection(ExtensibilityGlobals) = postSolution
		SolutionGuid = {DB4FE516-DE0D-4137-B034-548CCC88507D}
	EndGlobalSection
EndGlobal
